// !$*UTF8*$!
{
	archiveVersion = 1;
	classes = {
	};
	objectVersion = 50;
	objects = {

/* Begin PBXBuildFile section */
		DB5B0EC522ADAB8C001A9195 /* TinyYoloV3ViewController.swift in Sources */ = {isa = PBXBuildFile; fileRef = DB5B0EC422ADAB8C001A9195 /* TinyYoloV3ViewController.swift */; };
		DB5B0EC922ADAC5B001A9195 /* YOLOv3Tiny.mlmodel in Sources */ = {isa = PBXBuildFile; fileRef = DB5B0EC622ADAC5B001A9195 /* YOLOv3Tiny.mlmodel */; };
		DB5B0ECA22ADAC5B001A9195 /* YOLOv3TinyFP16.mlmodel in Sources */ = {isa = PBXBuildFile; fileRef = DB5B0EC722ADAC5B001A9195 /* YOLOv3TinyFP16.mlmodel */; };
		DB5B0ECB22ADAC5B001A9195 /* YOLOv3TinyInt8LUT.mlmodel in Sources */ = {isa = PBXBuildFile; fileRef = DB5B0EC822ADAC5B001A9195 /* YOLOv3TinyInt8LUT.mlmodel */; };
		DB8328BC22AA140D00FA57EB /* PreviewViewController.swift in Sources */ = {isa = PBXBuildFile; fileRef = DB8328BB22AA140D00FA57EB /* PreviewViewController.swift */; };
		DB8328BE22AA1AE900FA57EB /* CameraCapture.swift in Sources */ = {isa = PBXBuildFile; fileRef = DB8328BD22AA1AE900FA57EB /* CameraCapture.swift */; };
		DBB222D822AB589E00EB82C5 /* DeepLabV3Int8LUT.mlmodel in Sources */ = {isa = PBXBuildFile; fileRef = DBB222D722AB589E00EB82C5 /* DeepLabV3Int8LUT.mlmodel */; };
		DBB222DA22AB592700EB82C5 /* DeepLabV3FP16.mlmodel in Sources */ = {isa = PBXBuildFile; fileRef = DBB222D922AB592700EB82C5 /* DeepLabV3FP16.mlmodel */; };
		DBB222DC22AC30E800EB82C5 /* YoloV3ViewController.swift in Sources */ = {isa = PBXBuildFile; fileRef = DBB222DB22AC30E800EB82C5 /* YoloV3ViewController.swift */; };
		DBB222E022AC314F00EB82C5 /* YOLOv3Int8LUT.mlmodel in Sources */ = {isa = PBXBuildFile; fileRef = DBB222DD22AC314E00EB82C5 /* YOLOv3Int8LUT.mlmodel */; };
		DBB222E122AC314F00EB82C5 /* YOLOv3FP16.mlmodel in Sources */ = {isa = PBXBuildFile; fileRef = DBB222DE22AC314E00EB82C5 /* YOLOv3FP16.mlmodel */; };
		DBB222E222AC314F00EB82C5 /* YOLOv3.mlmodel in Sources */ = {isa = PBXBuildFile; fileRef = DBB222DF22AC314E00EB82C5 /* YOLOv3.mlmodel */; };
		DBB222E422AC31C800EB82C5 /* ViewController.swift in Sources */ = {isa = PBXBuildFile; fileRef = DBB222E322AC31C800EB82C5 /* ViewController.swift */; };
		DBB222E622AC33EF00EB82C5 /* VisionCoreMLProtocol.swift in Sources */ = {isa = PBXBuildFile; fileRef = DBB222E522AC33EF00EB82C5 /* VisionCoreMLProtocol.swift */; };
		DBDBCFEC22A8115400C68DCE /* AppDelegate.swift in Sources */ = {isa = PBXBuildFile; fileRef = DBDBCFEB22A8115400C68DCE /* AppDelegate.swift */; };
		DBDBCFEE22A8115400C68DCE /* DeeplabV3ViewController.swift in Sources */ = {isa = PBXBuildFile; fileRef = DBDBCFED22A8115400C68DCE /* DeeplabV3ViewController.swift */; };
		DBDBCFF122A8115400C68DCE /* Main.storyboard in Resources */ = {isa = PBXBuildFile; fileRef = DBDBCFEF22A8115400C68DCE /* Main.storyboard */; };
		DBDBCFF322A8115500C68DCE /* Assets.xcassets in Resources */ = {isa = PBXBuildFile; fileRef = DBDBCFF222A8115500C68DCE /* Assets.xcassets */; };
		DBDBCFF622A8115500C68DCE /* LaunchScreen.storyboard in Resources */ = {isa = PBXBuildFile; fileRef = DBDBCFF422A8115500C68DCE /* LaunchScreen.storyboard */; };
		DBDBD00122A8115600C68DCE /* VisionCoreMLSamplesTests.swift in Sources */ = {isa = PBXBuildFile; fileRef = DBDBD00022A8115600C68DCE /* VisionCoreMLSamplesTests.swift */; };
		DBDBD00C22A8142200C68DCE /* CameraPreviewView.swift in Sources */ = {isa = PBXBuildFile; fileRef = DBDBD00B22A8142200C68DCE /* CameraPreviewView.swift */; };
		DBDBD01022A8AF8400C68DCE /* DeepLabV3.mlmodel in Sources */ = {isa = PBXBuildFile; fileRef = DBDBD00F22A8AF8400C68DCE /* DeepLabV3.mlmodel */; };
/* End PBXBuildFile section */

/* Begin PBXContainerItemProxy section */
		DBDBCFFD22A8115600C68DCE /* PBXContainerItemProxy */ = {
			isa = PBXContainerItemProxy;
			containerPortal = DBDBCFE022A8115400C68DCE /* Project object */;
			proxyType = 1;
			remoteGlobalIDString = DBDBCFE722A8115400C68DCE;
			remoteInfo = VisionCoreMLSamples;
		};
/* End PBXContainerItemProxy section */

/* Begin PBXFileReference section */
		DB5B0EC422ADAB8C001A9195 /* TinyYoloV3ViewController.swift */ = {isa = PBXFileReference; fileEncoding = 4; lastKnownFileType = sourcecode.swift; path = TinyYoloV3ViewController.swift; sourceTree = "<group>"; };
		DB5B0EC622ADAC5B001A9195 /* YOLOv3Tiny.mlmodel */ = {isa = PBXFileReference; lastKnownFileType = file.mlmodel; path = YOLOv3Tiny.mlmodel; sourceTree = "<group>"; };
		DB5B0EC722ADAC5B001A9195 /* YOLOv3TinyFP16.mlmodel */ = {isa = PBXFileReference; lastKnownFileType = file.mlmodel; path = YOLOv3TinyFP16.mlmodel; sourceTree = "<group>"; };
		DB5B0EC822ADAC5B001A9195 /* YOLOv3TinyInt8LUT.mlmodel */ = {isa = PBXFileReference; lastKnownFileType = file.mlmodel; path = YOLOv3TinyInt8LUT.mlmodel; sourceTree = "<group>"; };
		DB8328BB22AA140D00FA57EB /* PreviewViewController.swift */ = {isa = PBXFileReference; lastKnownFileType = sourcecode.swift; path = PreviewViewController.swift; sourceTree = "<group>"; };
		DB8328BD22AA1AE900FA57EB /* CameraCapture.swift */ = {isa = PBXFileReference; lastKnownFileType = sourcecode.swift; path = CameraCapture.swift; sourceTree = "<group>"; };
		DBB222D722AB589E00EB82C5 /* DeepLabV3Int8LUT.mlmodel */ = {isa = PBXFileReference; lastKnownFileType = file.mlmodel; path = DeepLabV3Int8LUT.mlmodel; sourceTree = "<group>"; };
		DBB222D922AB592700EB82C5 /* DeepLabV3FP16.mlmodel */ = {isa = PBXFileReference; lastKnownFileType = file.mlmodel; path = DeepLabV3FP16.mlmodel; sourceTree = "<group>"; };
		DBB222DB22AC30E800EB82C5 /* YoloV3ViewController.swift */ = {isa = PBXFileReference; lastKnownFileType = sourcecode.swift; path = YoloV3ViewController.swift; sourceTree = "<group>"; };
		DBB222DD22AC314E00EB82C5 /* YOLOv3Int8LUT.mlmodel */ = {isa = PBXFileReference; lastKnownFileType = file.mlmodel; path = YOLOv3Int8LUT.mlmodel; sourceTree = "<group>"; };
		DBB222DE22AC314E00EB82C5 /* YOLOv3FP16.mlmodel */ = {isa = PBXFileReference; lastKnownFileType = file.mlmodel; path = YOLOv3FP16.mlmodel; sourceTree = "<group>"; };
		DBB222DF22AC314E00EB82C5 /* YOLOv3.mlmodel */ = {isa = PBXFileReference; lastKnownFileType = file.mlmodel; path = YOLOv3.mlmodel; sourceTree = "<group>"; };
		DBB222E322AC31C800EB82C5 /* ViewController.swift */ = {isa = PBXFileReference; lastKnownFileType = sourcecode.swift; path = ViewController.swift; sourceTree = "<group>"; };
		DBB222E522AC33EF00EB82C5 /* VisionCoreMLProtocol.swift */ = {isa = PBXFileReference; lastKnownFileType = sourcecode.swift; path = VisionCoreMLProtocol.swift; sourceTree = "<group>"; };
		DBDBCFE822A8115400C68DCE /* VisionCoreMLSamples.app */ = {isa = PBXFileReference; explicitFileType = wrapper.application; includeInIndex = 0; path = VisionCoreMLSamples.app; sourceTree = BUILT_PRODUCTS_DIR; };
		DBDBCFEB22A8115400C68DCE /* AppDelegate.swift */ = {isa = PBXFileReference; lastKnownFileType = sourcecode.swift; path = AppDelegate.swift; sourceTree = "<group>"; };
		DBDBCFED22A8115400C68DCE /* DeeplabV3ViewController.swift */ = {isa = PBXFileReference; lastKnownFileType = sourcecode.swift; path = DeeplabV3ViewController.swift; sourceTree = "<group>"; };
		DBDBCFF022A8115400C68DCE /* Base */ = {isa = PBXFileReference; lastKnownFileType = file.storyboard; name = Base; path = Base.lproj/Main.storyboard; sourceTree = "<group>"; };
		DBDBCFF222A8115500C68DCE /* Assets.xcassets */ = {isa = PBXFileReference; lastKnownFileType = folder.assetcatalog; path = Assets.xcassets; sourceTree = "<group>"; };
		DBDBCFF522A8115500C68DCE /* Base */ = {isa = PBXFileReference; lastKnownFileType = file.storyboard; name = Base; path = Base.lproj/LaunchScreen.storyboard; sourceTree = "<group>"; };
		DBDBCFF722A8115500C68DCE /* Info.plist */ = {isa = PBXFileReference; lastKnownFileType = text.plist.xml; path = Info.plist; sourceTree = "<group>"; };
		DBDBCFFC22A8115600C68DCE /* VisionCoreMLSamplesTests.xctest */ = {isa = PBXFileReference; explicitFileType = wrapper.cfbundle; includeInIndex = 0; path = VisionCoreMLSamplesTests.xctest; sourceTree = BUILT_PRODUCTS_DIR; };
		DBDBD00022A8115600C68DCE /* VisionCoreMLSamplesTests.swift */ = {isa = PBXFileReference; lastKnownFileType = sourcecode.swift; path = VisionCoreMLSamplesTests.swift; sourceTree = "<group>"; };
		DBDBD00222A8115600C68DCE /* Info.plist */ = {isa = PBXFileReference; lastKnownFileType = text.plist.xml; path = Info.plist; sourceTree = "<group>"; };
		DBDBD00B22A8142200C68DCE /* CameraPreviewView.swift */ = {isa = PBXFileReference; lastKnownFileType = sourcecode.swift; path = CameraPreviewView.swift; sourceTree = "<group>"; };
		DBDBD00F22A8AF8400C68DCE /* DeepLabV3.mlmodel */ = {isa = PBXFileReference; lastKnownFileType = file.mlmodel; path = DeepLabV3.mlmodel; sourceTree = "<group>"; };
/* End PBXFileReference section */

/* Begin PBXFrameworksBuildPhase section */
		DBDBCFE522A8115400C68DCE /* Frameworks */ = {
			isa = PBXFrameworksBuildPhase;
			buildActionMask = 2147483647;
			files = (
			);
			runOnlyForDeploymentPostprocessing = 0;
		};
		DBDBCFF922A8115600C68DCE /* Frameworks */ = {
			isa = PBXFrameworksBuildPhase;
			buildActionMask = 2147483647;
			files = (
			);
			runOnlyForDeploymentPostprocessing = 0;
		};
/* End PBXFrameworksBuildPhase section */

/* Begin PBXGroup section */
		DBDBCFDF22A8115400C68DCE = {
			isa = PBXGroup;
			children = (
				DBDBCFEA22A8115400C68DCE /* VisionCoreMLSamples */,
				DBDBCFFF22A8115600C68DCE /* VisionCoreMLSamplesTests */,
				DBDBCFE922A8115400C68DCE /* Products */,
			);
			sourceTree = "<group>";
		};
		DBDBCFE922A8115400C68DCE /* Products */ = {
			isa = PBXGroup;
			children = (
				DBDBCFE822A8115400C68DCE /* VisionCoreMLSamples.app */,
				DBDBCFFC22A8115600C68DCE /* VisionCoreMLSamplesTests.xctest */,
			);
			name = Products;
			sourceTree = "<group>";
		};
		DBDBCFEA22A8115400C68DCE /* VisionCoreMLSamples */ = {
			isa = PBXGroup;
			children = (
				DB5B0EC622ADAC5B001A9195 /* YOLOv3Tiny.mlmodel */,
				DB5B0EC722ADAC5B001A9195 /* YOLOv3TinyFP16.mlmodel */,
				DB5B0EC822ADAC5B001A9195 /* YOLOv3TinyInt8LUT.mlmodel */,
				DBB222DF22AC314E00EB82C5 /* YOLOv3.mlmodel */,
				DBB222DE22AC314E00EB82C5 /* YOLOv3FP16.mlmodel */,
				DBB222DD22AC314E00EB82C5 /* YOLOv3Int8LUT.mlmodel */,
				DBDBD00F22A8AF8400C68DCE /* DeepLabV3.mlmodel */,
				DBB222D922AB592700EB82C5 /* DeepLabV3FP16.mlmodel */,
				DBB222D722AB589E00EB82C5 /* DeepLabV3Int8LUT.mlmodel */,
				DBDBCFEB22A8115400C68DCE /* AppDelegate.swift */,
				DBDBCFED22A8115400C68DCE /* DeeplabV3ViewController.swift */,
				DBB222DB22AC30E800EB82C5 /* YoloV3ViewController.swift */,
				DB5B0EC422ADAB8C001A9195 /* TinyYoloV3ViewController.swift */,
				DB8328BB22AA140D00FA57EB /* PreviewViewController.swift */,
				DBDBCFEF22A8115400C68DCE /* Main.storyboard */,
				DBDBCFF222A8115500C68DCE /* Assets.xcassets */,
				DBDBCFF422A8115500C68DCE /* LaunchScreen.storyboard */,
				DBDBCFF722A8115500C68DCE /* Info.plist */,
				DBDBD00B22A8142200C68DCE /* CameraPreviewView.swift */,
				DB8328BD22AA1AE900FA57EB /* CameraCapture.swift */,
				DBB222E322AC31C800EB82C5 /* ViewController.swift */,
				DBB222E522AC33EF00EB82C5 /* VisionCoreMLProtocol.swift */,
			);
			path = VisionCoreMLSamples;
			sourceTree = "<group>";
		};
		DBDBCFFF22A8115600C68DCE /* VisionCoreMLSamplesTests */ = {
			isa = PBXGroup;
			children = (
				DBDBD00022A8115600C68DCE /* VisionCoreMLSamplesTests.swift */,
				DBDBD00222A8115600C68DCE /* Info.plist */,
			);
			path = VisionCoreMLSamplesTests;
			sourceTree = "<group>";
		};
/* End PBXGroup section */

/* Begin PBXNativeTarget section */
		DBDBCFE722A8115400C68DCE /* VisionCoreMLSamples */ = {
			isa = PBXNativeTarget;
			buildConfigurationList = DBDBD00522A8115600C68DCE /* Build configuration list for PBXNativeTarget "VisionCoreMLSamples" */;
			buildPhases = (
				DBDBCFE422A8115400C68DCE /* Sources */,
				DBDBCFE522A8115400C68DCE /* Frameworks */,
				DBDBCFE622A8115400C68DCE /* Resources */,
			);
			buildRules = (
			);
			dependencies = (
			);
			name = VisionCoreMLSamples;
			productName = VisionCoreMLSamples;
			productReference = DBDBCFE822A8115400C68DCE /* VisionCoreMLSamples.app */;
			productType = "com.apple.product-type.application";
		};
		DBDBCFFB22A8115600C68DCE /* VisionCoreMLSamplesTests */ = {
			isa = PBXNativeTarget;
			buildConfigurationList = DBDBD00822A8115600C68DCE /* Build configuration list for PBXNativeTarget "VisionCoreMLSamplesTests" */;
			buildPhases = (
				DBDBCFF822A8115600C68DCE /* Sources */,
				DBDBCFF922A8115600C68DCE /* Frameworks */,
				DBDBCFFA22A8115600C68DCE /* Resources */,
			);
			buildRules = (
			);
			dependencies = (
				DBDBCFFE22A8115600C68DCE /* PBXTargetDependency */,
			);
			name = VisionCoreMLSamplesTests;
			productName = VisionCoreMLSamplesTests;
			productReference = DBDBCFFC22A8115600C68DCE /* VisionCoreMLSamplesTests.xctest */;
			productType = "com.apple.product-type.bundle.unit-test";
		};
/* End PBXNativeTarget section */

/* Begin PBXProject section */
		DBDBCFE022A8115400C68DCE /* Project object */ = {
			isa = PBXProject;
			attributes = {
				LastSwiftUpdateCheck = 1020;
				LastUpgradeCheck = 1020;
				ORGANIZATIONNAME = "Yuichi Fujiki";
				TargetAttributes = {
					DBDBCFE722A8115400C68DCE = {
						CreatedOnToolsVersion = 10.2.1;
					};
					DBDBCFFB22A8115600C68DCE = {
						CreatedOnToolsVersion = 10.2.1;
						TestTargetID = DBDBCFE722A8115400C68DCE;
					};
				};
			};
			buildConfigurationList = DBDBCFE322A8115400C68DCE /* Build configuration list for PBXProject "VisionCoreMLSamples" */;
			compatibilityVersion = "Xcode 9.3";
			developmentRegion = en;
			hasScannedForEncodings = 0;
			knownRegions = (
				en,
				Base,
			);
			mainGroup = DBDBCFDF22A8115400C68DCE;
			productRefGroup = DBDBCFE922A8115400C68DCE /* Products */;
			projectDirPath = "";
			projectRoot = "";
			targets = (
				DBDBCFE722A8115400C68DCE /* VisionCoreMLSamples */,
				DBDBCFFB22A8115600C68DCE /* VisionCoreMLSamplesTests */,
			);
		};
/* End PBXProject section */

/* Begin PBXResourcesBuildPhase section */
		DBDBCFE622A8115400C68DCE /* Resources */ = {
			isa = PBXResourcesBuildPhase;
			buildActionMask = 2147483647;
			files = (
				DBDBCFF622A8115500C68DCE /* LaunchScreen.storyboard in Resources */,
				DBDBCFF322A8115500C68DCE /* Assets.xcassets in Resources */,
				DBDBCFF122A8115400C68DCE /* Main.storyboard in Resources */,
			);
			runOnlyForDeploymentPostprocessing = 0;
		};
		DBDBCFFA22A8115600C68DCE /* Resources */ = {
			isa = PBXResourcesBuildPhase;
			buildActionMask = 2147483647;
			files = (
			);
			runOnlyForDeploymentPostprocessing = 0;
		};
/* End PBXResourcesBuildPhase section */

/* Begin PBXSourcesBuildPhase section */
		DBDBCFE422A8115400C68DCE /* Sources */ = {
			isa = PBXSourcesBuildPhase;
			buildActionMask = 2147483647;
			files = (
				DBB222E122AC314F00EB82C5 /* YOLOv3FP16.mlmodel in Sources */,
				DBB222DA22AB592700EB82C5 /* DeepLabV3FP16.mlmodel in Sources */,
				DBB222E022AC314F00EB82C5 /* YOLOv3Int8LUT.mlmodel in Sources */,
				DB8328BE22AA1AE900FA57EB /* CameraCapture.swift in Sources */,
				DBDBCFEE22A8115400C68DCE /* DeeplabV3ViewController.swift in Sources */,
				DBDBCFEC22A8115400C68DCE /* AppDelegate.swift in Sources */,
				DBB222E222AC314F00EB82C5 /* YOLOv3.mlmodel in Sources */,
				DB5B0EC522ADAB8C001A9195 /* TinyYoloV3ViewController.swift in Sources */,
				DBDBD01022A8AF8400C68DCE /* DeepLabV3.mlmodel in Sources */,
				DBB222E422AC31C800EB82C5 /* ViewController.swift in Sources */,
				DB5B0EC922ADAC5B001A9195 /* YOLOv3Tiny.mlmodel in Sources */,
				DB5B0ECB22ADAC5B001A9195 /* YOLOv3TinyInt8LUT.mlmodel in Sources */,
				DBDBD00C22A8142200C68DCE /* CameraPreviewView.swift in Sources */,
				DB8328BC22AA140D00FA57EB /* PreviewViewController.swift in Sources */,
				DBB222D822AB589E00EB82C5 /* DeepLabV3Int8LUT.mlmodel in Sources */,
				DBB222DC22AC30E800EB82C5 /* YoloV3ViewController.swift in Sources */,
				DBB222E622AC33EF00EB82C5 /* VisionCoreMLProtocol.swift in Sources */,
				DB5B0ECA22ADAC5B001A9195 /* YOLOv3TinyFP16.mlmodel in Sources */,
			);
			runOnlyForDeploymentPostprocessing = 0;
		};
		DBDBCFF822A8115600C68DCE /* Sources */ = {
			isa = PBXSourcesBuildPhase;
			buildActionMask = 2147483647;
			files = (
				DBDBD00122A8115600C68DCE /* VisionCoreMLSamplesTests.swift in Sources */,
			);
			runOnlyForDeploymentPostprocessing = 0;
		};
/* End PBXSourcesBuildPhase section */

/* Begin PBXTargetDependency section */
		DBDBCFFE22A8115600C68DCE /* PBXTargetDependency */ = {
			isa = PBXTargetDependency;
			target = DBDBCFE722A8115400C68DCE /* VisionCoreMLSamples */;
			targetProxy = DBDBCFFD22A8115600C68DCE /* PBXContainerItemProxy */;
		};
/* End PBXTargetDependency section */

/* Begin PBXVariantGroup section */
		DBDBCFEF22A8115400C68DCE /* Main.storyboard */ = {
			isa = PBXVariantGroup;
			children = (
				DBDBCFF022A8115400C68DCE /* Base */,
			);
			name = Main.storyboard;
			sourceTree = "<group>";
		};
		DBDBCFF422A8115500C68DCE /* LaunchScreen.storyboard */ = {
			isa = PBXVariantGroup;
			children = (
				DBDBCFF522A8115500C68DCE /* Base */,
			);
			name = LaunchScreen.storyboard;
			sourceTree = "<group>";
		};
/* End PBXVariantGroup section */

/* Begin XCBuildConfiguration section */
		DBDBD00322A8115600C68DCE /* Debug */ = {
			isa = XCBuildConfiguration;
			buildSettings = {
				ALWAYS_SEARCH_USER_PATHS = NO;
				CLANG_ANALYZER_NONNULL = YES;
				CLANG_ANALYZER_NUMBER_OBJECT_CONVERSION = YES_AGGRESSIVE;
				CLANG_CXX_LANGUAGE_STANDARD = "gnu++14";
				CLANG_CXX_LIBRARY = "libc++";
				CLANG_ENABLE_MODULES = YES;
				CLANG_ENABLE_OBJC_ARC = YES;
				CLANG_ENABLE_OBJC_WEAK = YES;
				CLANG_WARN_BLOCK_CAPTURE_AUTORELEASING = YES;
				CLANG_WARN_BOOL_CONVERSION = YES;
				CLANG_WARN_COMMA = YES;
				CLANG_WARN_CONSTANT_CONVERSION = YES;
				CLANG_WARN_DEPRECATED_OBJC_IMPLEMENTATIONS = YES;
				CLANG_WARN_DIRECT_OBJC_ISA_USAGE = YES_ERROR;
				CLANG_WARN_DOCUMENTATION_COMMENTS = YES;
				CLANG_WARN_EMPTY_BODY = YES;
				CLANG_WARN_ENUM_CONVERSION = YES;
				CLANG_WARN_INFINITE_RECURSION = YES;
				CLANG_WARN_INT_CONVERSION = YES;
				CLANG_WARN_NON_LITERAL_NULL_CONVERSION = YES;
				CLANG_WARN_OBJC_IMPLICIT_RETAIN_SELF = YES;
				CLANG_WARN_OBJC_LITERAL_CONVERSION = YES;
				CLANG_WARN_OBJC_ROOT_CLASS = YES_ERROR;
				CLANG_WARN_RANGE_LOOP_ANALYSIS = YES;
				CLANG_WARN_STRICT_PROTOTYPES = YES;
				CLANG_WARN_SUSPICIOUS_MOVE = YES;
				CLANG_WARN_UNGUARDED_AVAILABILITY = YES_AGGRESSIVE;
				CLANG_WARN_UNREACHABLE_CODE = YES;
				CLANG_WARN__DUPLICATE_METHOD_MATCH = YES;
				CODE_SIGN_IDENTITY = "iPhone Developer";
				COPY_PHASE_STRIP = NO;
				DEBUG_INFORMATION_FORMAT = dwarf;
				ENABLE_STRICT_OBJC_MSGSEND = YES;
				ENABLE_TESTABILITY = YES;
				GCC_C_LANGUAGE_STANDARD = gnu11;
				GCC_DYNAMIC_NO_PIC = NO;
				GCC_NO_COMMON_BLOCKS = YES;
				GCC_OPTIMIZATION_LEVEL = 0;
				GCC_PREPROCESSOR_DEFINITIONS = (
					"DEBUG=1",
					"$(inherited)",
				);
				GCC_WARN_64_TO_32_BIT_CONVERSION = YES;
				GCC_WARN_ABOUT_RETURN_TYPE = YES_ERROR;
				GCC_WARN_UNDECLARED_SELECTOR = YES;
				GCC_WARN_UNINITIALIZED_AUTOS = YES_AGGRESSIVE;
				GCC_WARN_UNUSED_FUNCTION = YES;
				GCC_WARN_UNUSED_VARIABLE = YES;
				IPHONEOS_DEPLOYMENT_TARGET = 12.2;
				MTL_ENABLE_DEBUG_INFO = INCLUDE_SOURCE;
				MTL_FAST_MATH = YES;
				ONLY_ACTIVE_ARCH = YES;
				SDKROOT = iphoneos;
				SWIFT_ACTIVE_COMPILATION_CONDITIONS = DEBUG;
				SWIFT_OPTIMIZATION_LEVEL = "-Onone";
			};
			name = Debug;
		};
		DBDBD00422A8115600C68DCE /* Release */ = {
			isa = XCBuildConfiguration;
			buildSettings = {
				ALWAYS_SEARCH_USER_PATHS = NO;
				CLANG_ANALYZER_NONNULL = YES;
				CLANG_ANALYZER_NUMBER_OBJECT_CONVERSION = YES_AGGRESSIVE;
				CLANG_CXX_LANGUAGE_STANDARD = "gnu++14";
				CLANG_CXX_LIBRARY = "libc++";
				CLANG_ENABLE_MODULES = YES;
				CLANG_ENABLE_OBJC_ARC = YES;
				CLANG_ENABLE_OBJC_WEAK = YES;
				CLANG_WARN_BLOCK_CAPTURE_AUTORELEASING = YES;
				CLANG_WARN_BOOL_CONVERSION = YES;
				CLANG_WARN_COMMA = YES;
				CLANG_WARN_CONSTANT_CONVERSION = YES;
				CLANG_WARN_DEPRECATED_OBJC_IMPLEMENTATIONS = YES;
				CLANG_WARN_DIRECT_OBJC_ISA_USAGE = YES_ERROR;
				CLANG_WARN_DOCUMENTATION_COMMENTS = YES;
				CLANG_WARN_EMPTY_BODY = YES;
				CLANG_WARN_ENUM_CONVERSION = YES;
				CLANG_WARN_INFINITE_RECURSION = YES;
				CLANG_WARN_INT_CONVERSION = YES;
				CLANG_WARN_NON_LITERAL_NULL_CONVERSION = YES;
				CLANG_WARN_OBJC_IMPLICIT_RETAIN_SELF = YES;
				CLANG_WARN_OBJC_LITERAL_CONVERSION = YES;
				CLANG_WARN_OBJC_ROOT_CLASS = YES_ERROR;
				CLANG_WARN_RANGE_LOOP_ANALYSIS = YES;
				CLANG_WARN_STRICT_PROTOTYPES = YES;
				CLANG_WARN_SUSPICIOUS_MOVE = YES;
				CLANG_WARN_UNGUARDED_AVAILABILITY = YES_AGGRESSIVE;
				CLANG_WARN_UNREACHABLE_CODE = YES;
				CLANG_WARN__DUPLICATE_METHOD_MATCH = YES;
				CODE_SIGN_IDENTITY = "iPhone Developer";
				COPY_PHASE_STRIP = NO;
				DEBUG_INFORMATION_FORMAT = "dwarf-with-dsym";
				ENABLE_NS_ASSERTIONS = NO;
				ENABLE_STRICT_OBJC_MSGSEND = YES;
				GCC_C_LANGUAGE_STANDARD = gnu11;
				GCC_NO_COMMON_BLOCKS = YES;
				GCC_WARN_64_TO_32_BIT_CONVERSION = YES;
				GCC_WARN_ABOUT_RETURN_TYPE = YES_ERROR;
				GCC_WARN_UNDECLARED_SELECTOR = YES;
				GCC_WARN_UNINITIALIZED_AUTOS = YES_AGGRESSIVE;
				GCC_WARN_UNUSED_FUNCTION = YES;
				GCC_WARN_UNUSED_VARIABLE = YES;
				IPHONEOS_DEPLOYMENT_TARGET = 12.2;
				MTL_ENABLE_DEBUG_INFO = NO;
				MTL_FAST_MATH = YES;
				SDKROOT = iphoneos;
				SWIFT_COMPILATION_MODE = wholemodule;
				SWIFT_OPTIMIZATION_LEVEL = "-O";
				VALIDATE_PRODUCT = YES;
			};
			name = Release;
		};
		DBDBD00622A8115600C68DCE /* Debug */ = {
			isa = XCBuildConfiguration;
			buildSettings = {
				ASSETCATALOG_COMPILER_APPICON_NAME = AppIcon;
				CODE_SIGN_STYLE = Automatic;
				DEVELOPMENT_TEAM = BTWWPDZ4GE;
				INFOPLIST_FILE = VisionCoreMLSamples/Info.plist;
				LD_RUNPATH_SEARCH_PATHS = (
					"$(inherited)",
					"@executable_path/Frameworks",
				);
				PRODUCT_BUNDLE_IDENTIFIER = com.yfujiki.VisionCoreMLSamples;
				PRODUCT_NAME = "$(TARGET_NAME)";
				SWIFT_VERSION = 5.0;
				TARGETED_DEVICE_FAMILY = "1,2";
			};
			name = Debug;
		};
		DBDBD00722A8115600C68DCE /* Release */ = {
			isa = XCBuildConfiguration;
			buildSettings = {
				ASSETCATALOG_COMPILER_APPICON_NAME = AppIcon;
				CODE_SIGN_STYLE = Automatic;
				DEVELOPMENT_TEAM = BTWWPDZ4GE;
				INFOPLIST_FILE = VisionCoreMLSamples/Info.plist;
				LD_RUNPATH_SEARCH_PATHS = (
					"$(inherited)",
					"@executable_path/Frameworks",
				);
				PRODUCT_BUNDLE_IDENTIFIER = com.yfujiki.VisionCoreMLSamples;
				PRODUCT_NAME = "$(TARGET_NAME)";
				SWIFT_VERSION = 5.0;
				TARGETED_DEVICE_FAMILY = "1,2";
			};
			name = Release;
		};
		DBDBD00922A8115600C68DCE /* Debug */ = {
			isa = XCBuildConfiguration;
			buildSettings = {
				ALWAYS_EMBED_SWIFT_STANDARD_LIBRARIES = YES;
				BUNDLE_LOADER = "$(TEST_HOST)";
				CODE_SIGN_STYLE = Automatic;
				DEVELOPMENT_TEAM = BTWWPDZ4GE;
				INFOPLIST_FILE = VisionCoreMLSamplesTests/Info.plist;
				LD_RUNPATH_SEARCH_PATHS = (
					"$(inherited)",
					"@executable_path/Frameworks",
					"@loader_path/Frameworks",
				);
				PRODUCT_BUNDLE_IDENTIFIER = com.yfujiki.VisionCoreMLSamplesTests;
				PRODUCT_NAME = "$(TARGET_NAME)";
				SWIFT_VERSION = 5.0;
				TARGETED_DEVICE_FAMILY = "1,2";
				TEST_HOST = "$(BUILT_PRODUCTS_DIR)/VisionCoreMLSamples.app/VisionCoreMLSamples";
			};
			name = Debug;
		};
		DBDBD00A22A8115600C68DCE /* Release */ = {
			isa = XCBuildConfiguration;
			buildSettings = {
				ALWAYS_EMBED_SWIFT_STANDARD_LIBRARIES = YES;
				BUNDLE_LOADER = "$(TEST_HOST)";
				CODE_SIGN_STYLE = Automatic;
				DEVELOPMENT_TEAM = BTWWPDZ4GE;
				INFOPLIST_FILE = VisionCoreMLSamplesTests/Info.plist;
				LD_RUNPATH_SEARCH_PATHS = (
					"$(inherited)",
					"@executable_path/Frameworks",
					"@loader_path/Frameworks",
				);
				PRODUCT_BUNDLE_IDENTIFIER = com.yfujiki.VisionCoreMLSamplesTests;
				PRODUCT_NAME = "$(TARGET_NAME)";
				SWIFT_VERSION = 5.0;
				TARGETED_DEVICE_FAMILY = "1,2";
				TEST_HOST = "$(BUILT_PRODUCTS_DIR)/VisionCoreMLSamples.app/VisionCoreMLSamples";
			};
			name = Release;
		};
/* End XCBuildConfiguration section */

/* Begin XCConfigurationList section */
		DBDBCFE322A8115400C68DCE /* Build configuration list for PBXProject "VisionCoreMLSamples" */ = {
			isa = XCConfigurationList;
			buildConfigurations = (
				DBDBD00322A8115600C68DCE /* Debug */,
				DBDBD00422A8115600C68DCE /* Release */,
			);
			defaultConfigurationIsVisible = 0;
			defaultConfigurationName = Release;
		};
		DBDBD00522A8115600C68DCE /* Build configuration list for PBXNativeTarget "VisionCoreMLSamples" */ = {
			isa = XCConfigurationList;
			buildConfigurations = (
				DBDBD00622A8115600C68DCE /* Debug */,
				DBDBD00722A8115600C68DCE /* Release */,
			);
			defaultConfigurationIsVisible = 0;
			defaultConfigurationName = Release;
		};
		DBDBD00822A8115600C68DCE /* Build configuration list for PBXNativeTarget "VisionCoreMLSamplesTests" */ = {
			isa = XCConfigurationList;
			buildConfigurations = (
				DBDBD00922A8115600C68DCE /* Debug */,
				DBDBD00A22A8115600C68DCE /* Release */,
			);
			defaultConfigurationIsVisible = 0;
			defaultConfigurationName = Release;
		};
/* End XCConfigurationList section */
	};
	rootObject = DBDBCFE022A8115400C68DCE /* Project object */;
}
